
Microsoft Visual Studio Solution File, Format Version 12.00
# Visual Studio 15
VisualStudioVersion = 15.0.26730.3
MinimumVisualStudioVersion = 10.0.40219.1
Project("{FAE04EC0-301F-11D3-BF4B-00C04F79EFBC}") = "WorldsGreatestTDD", "WorldsGreatestTDD\WorldsGreatestTDD.csproj", "{8D6862EF-BBF2-4955-A526-A3E929801326}"
EndProject
Global
	GlobalSection(SolutionConfigurationPlatforms) = preSolution
		Debug|Any CPU = Debug|Any CPU
		Release|Any CPU = Release|Any CPU
	EndGlobalSection
	GlobalSection(ProjectConfigurationPlatforms) = postSolution
		{8D6862EF-BBF2-4955-A526-A3E929801326}.Debug|Any CPU.ActiveCfg = Debug|Any CPU
		{8D6862EF-BBF2-4955-A526-A3E929801326}.Debug|Any CPU.Build.0 = Debug|Any CPU
		{8D6862EF-BBF2-4955-A526-A3E929801326}.Release|Any CPU.ActiveCfg = Release|Any CPU
		{8D6862EF-BBF2-4955-A526-A3E929801326}.Release|Any CPU.Build.0 = Release|Any CPU
	EndGlobalSection
	GlobalSection(SolutionProperties) = preSolution
		HideSolutionNode = FALSE
	EndGlobalSection
	GlobalSection(ExtensibilityGlobals) = postSolution
		SolutionGuid = {09EAE917-A925-4624-B561-F49AAFD14B3A}
	EndGlobalSection
EndGlobal
